# This file is generated by running "yarn install" inside your project.
# Manual changes might be lost - proceed with caution!

__metadata:
  version: 8
  cacheKey: 10c0

"@thewakingsands/axis-font-icons@workspace:.":
  version: 0.0.0-use.local
  resolution: "@thewakingsands/axis-font-icons@workspace:."
  dependencies:
    stylus: "npm:^0.54.7"
  languageName: unknown
  linkType: soft

"atob@npm:^2.1.2":
  version: 2.1.2
  resolution: "atob@npm:2.1.2"
  bin:
    atob: bin/atob.js
  checksum: 10c0/ada635b519dc0c576bb0b3ca63a73b50eefacf390abb3f062558342a8d68f2db91d0c8db54ce81b0d89de3b0f000de71f3ae7d761fd7d8cc624278fe443d6c7e
  languageName: node
  linkType: hard

"balanced-match@npm:^1.0.0":
  version: 1.0.0
  resolution: "balanced-match@npm:1.0.0"
  checksum: 10c0/d45f1aeec59d87562cd65415e2890b9fd6ab7fa89941a46fb2eb505e2165158680ee1be7110586cf86f3a9599f1b88ec4a7fcf57594560ca37814a560ab95f41
  languageName: node
  linkType: hard

"brace-expansion@npm:^1.1.7":
  version: 1.1.11
  resolution: "brace-expansion@npm:1.1.11"
  dependencies:
    balanced-match: "npm:^1.0.0"
    concat-map: "npm:0.0.1"
  checksum: 10c0/695a56cd058096a7cb71fb09d9d6a7070113c7be516699ed361317aca2ec169f618e28b8af352e02ab4233fb54eb0168460a40dc320bab0034b36ab59aaad668
  languageName: node
  linkType: hard

"concat-map@npm:0.0.1":
  version: 0.0.1
  resolution: "concat-map@npm:0.0.1"
  checksum: 10c0/c996b1cfdf95b6c90fee4dae37e332c8b6eb7d106430c17d538034c0ad9a1630cb194d2ab37293b1bdd4d779494beee7786d586a50bd9376fd6f7bcc2bd4c98f
  languageName: node
  linkType: hard

"css-parse@npm:~2.0.0":
  version: 2.0.0
  resolution: "css-parse@npm:2.0.0"
  dependencies:
    css: "npm:^2.0.0"
  checksum: 10c0/a97e409c0060918964609fb9695d04f03b814322b14e2577bc598a6e4b9f36f8a93d0ce911c1d918a765cf73d92812af289b5bcc714ca5fea33c0247e6e39604
  languageName: node
  linkType: hard

"css@npm:^2.0.0":
  version: 2.2.4
  resolution: "css@npm:2.2.4"
  dependencies:
    inherits: "npm:^2.0.3"
    source-map: "npm:^0.6.1"
    source-map-resolve: "npm:^0.5.2"
    urix: "npm:^0.1.0"
  checksum: 10c0/496fa66568ebd9e51b3153817dd36ec004a45780da6f818e13117e3c4e50b774af41fff70a6ff2fa03777b239c4028ff655fe571b20964b90e886441cd141569
  languageName: node
  linkType: hard

"debug@npm:~3.1.0":
  version: 3.1.0
  resolution: "debug@npm:3.1.0"
  dependencies:
    ms: "npm:2.0.0"
  checksum: 10c0/5bff34a352d7b2eaa31886eeaf2ee534b5461ec0548315b2f9f80bd1d2533cab7df1fa52e130ce27bc31c3945fbffb0fc72baacdceb274b95ce853db89254ea4
  languageName: node
  linkType: hard

"decode-uri-component@npm:^0.2.0":
  version: 0.2.0
  resolution: "decode-uri-component@npm:0.2.0"
  checksum: 10c0/dbc3c72e4a740703f76fb3f51e35bb81546aa3e8c7897e015b8bc289813d3044ad6eaa6048fbb43f6b7b34ef005527b7511da50399caa78b91ee39266a341822
  languageName: node
  linkType: hard

"fs.realpath@npm:^1.0.0":
  version: 1.0.0
  resolution: "fs.realpath@npm:1.0.0"
  checksum: 10c0/444cf1291d997165dfd4c0d58b69f0e4782bfd9149fd72faa4fe299e68e0e93d6db941660b37dd29153bf7186672ececa3b50b7e7249477b03fdf850f287c948
  languageName: node
  linkType: hard

"glob@npm:^7.1.3":
  version: 7.1.6
  resolution: "glob@npm:7.1.6"
  dependencies:
    fs.realpath: "npm:^1.0.0"
    inflight: "npm:^1.0.4"
    inherits: "npm:2"
    minimatch: "npm:^3.0.4"
    once: "npm:^1.3.0"
    path-is-absolute: "npm:^1.0.0"
  checksum: 10c0/2575cce9306ac534388db751f0aa3e78afedb6af8f3b529ac6b2354f66765545145dba8530abf7bff49fb399a047d3f9b6901c38ee4c9503f592960d9af67763
  languageName: node
  linkType: hard

"inflight@npm:^1.0.4":
  version: 1.0.6
  resolution: "inflight@npm:1.0.6"
  dependencies:
    once: "npm:^1.3.0"
    wrappy: "npm:1"
  checksum: 10c0/7faca22584600a9dc5b9fca2cd5feb7135ac8c935449837b315676b4c90aa4f391ec4f42240178244b5a34e8bede1948627fda392ca3191522fc46b34e985ab2
  languageName: node
  linkType: hard

"inherits@npm:2, inherits@npm:^2.0.3":
  version: 2.0.4
  resolution: "inherits@npm:2.0.4"
  checksum: 10c0/4e531f648b29039fb7426fb94075e6545faa1eb9fe83c29f0b6d9e7263aceb4289d2d4557db0d428188eeb449cc7c5e77b0a0b2c4e248ff2a65933a0dee49ef2
  languageName: node
  linkType: hard

"minimatch@npm:^3.0.4":
  version: 3.0.4
  resolution: "minimatch@npm:3.0.4"
  dependencies:
    brace-expansion: "npm:^1.1.7"
  checksum: 10c0/d0a2bcd93ebec08a9eef3ca83ba33c9fb6feb93932e0b4dc6aa46c5f37a9404bea7ad9ff7cafe23ce6634f1fe3b206f5315ecbb05812da6e692c21d8ecfd3dae
  languageName: node
  linkType: hard

"minimist@npm:^1.2.5":
  version: 1.2.5
  resolution: "minimist@npm:1.2.5"
  checksum: 10c0/c143b0c199af4df7a55c7a37b6465cdd438acdc6a3a345ba0fe9d94dfcc2042263f650879bc73be607c843deeaeaadf39c864e55bc6d80b36a025eca1a062ee7
  languageName: node
  linkType: hard

"mkdirp@npm:~0.5.x":
  version: 0.5.5
  resolution: "mkdirp@npm:0.5.5"
  dependencies:
    minimist: "npm:^1.2.5"
  bin:
    mkdirp: bin/cmd.js
  checksum: 10c0/4469faeeba703bc46b7cdbe3097d6373747a581eb8b556ce41c8fd25a826eb3254466c6522ba823c2edb0b6f0da7beb91cf71f040bc4e361534a3e67f0994bd0
  languageName: node
  linkType: hard

"ms@npm:2.0.0":
  version: 2.0.0
  resolution: "ms@npm:2.0.0"
  checksum: 10c0/f8fda810b39fd7255bbdc451c46286e549794fcc700dc9cd1d25658bbc4dc2563a5de6fe7c60f798a16a60c6ceb53f033cb353f493f0cf63e5199b702943159d
  languageName: node
  linkType: hard

"once@npm:^1.3.0":
  version: 1.4.0
  resolution: "once@npm:1.4.0"
  dependencies:
    wrappy: "npm:1"
  checksum: 10c0/5d48aca287dfefabd756621c5dfce5c91a549a93e9fdb7b8246bc4c4790aa2ec17b34a260530474635147aeb631a2dcc8b32c613df0675f96041cbb8244517d0
  languageName: node
  linkType: hard

"path-is-absolute@npm:^1.0.0":
  version: 1.0.1
  resolution: "path-is-absolute@npm:1.0.1"
  checksum: 10c0/127da03c82172a2a50099cddbf02510c1791fc2cc5f7713ddb613a56838db1e8168b121a920079d052e0936c23005562059756d653b7c544c53185efe53be078
  languageName: node
  linkType: hard

"resolve-url@npm:^0.2.1":
  version: 0.2.1
  resolution: "resolve-url@npm:0.2.1"
  checksum: 10c0/c285182cfcddea13a12af92129ce0569be27fb0074ffaefbd3ba3da2eac2acecdfc996d435c4982a9fa2b4708640e52837c9153a5ab9255886a00b0b9e8d2a54
  languageName: node
  linkType: hard

"safer-buffer@npm:^2.1.2":
  version: 2.1.2
  resolution: "safer-buffer@npm:2.1.2"
  checksum: 10c0/7e3c8b2e88a1841c9671094bbaeebd94448111dd90a81a1f606f3f67708a6ec57763b3b47f06da09fc6054193e0e6709e77325415dc8422b04497a8070fa02d4
  languageName: node
  linkType: hard

"sax@npm:~1.2.4":
  version: 1.2.4
  resolution: "sax@npm:1.2.4"
  checksum: 10c0/6e9b05ff443ee5e5096ce92d31c0740a20d33002fad714ebcb8fc7a664d9ee159103ebe8f7aef0a1f7c5ecacdd01f177f510dff95611c589399baf76437d3fe3
  languageName: node
  linkType: hard

"semver@npm:^6.0.0":
  version: 6.3.0
  resolution: "semver@npm:6.3.0"
  bin:
    semver: ./bin/semver.js
  checksum: 10c0/1f4959e15bcfbaf727e964a4920f9260141bb8805b399793160da4e7de128e42a7d1f79c1b7d5cd21a6073fba0d55feb9966f5fef3e5ccb8e1d7ead3d7527458
  languageName: node
  linkType: hard

"source-map-resolve@npm:^0.5.2":
  version: 0.5.3
  resolution: "source-map-resolve@npm:0.5.3"
  dependencies:
    atob: "npm:^2.1.2"
    decode-uri-component: "npm:^0.2.0"
    resolve-url: "npm:^0.2.1"
    source-map-url: "npm:^0.4.0"
    urix: "npm:^0.1.0"
  checksum: 10c0/410acbe93882e058858d4c1297be61da3e1533f95f25b95903edddc1fb719654e705663644677542d1fb78a66390238fad1a57115fc958a0724cf9bb509caf57
  languageName: node
  linkType: hard

"source-map-url@npm:^0.4.0":
  version: 0.4.0
  resolution: "source-map-url@npm:0.4.0"
  checksum: 10c0/73fff12f99aa16a49925ddbc0a92f52c07353db0de00d292a286fb6d8f2d00927ed144f646de8d2b199a5fb8d19398cbb9a0b7af629d491c99d59a97b16bdd47
  languageName: node
  linkType: hard

"source-map@npm:^0.6.1":
  version: 0.6.1
  resolution: "source-map@npm:0.6.1"
  checksum: 10c0/ab55398007c5e5532957cb0beee2368529618ac0ab372d789806f5718123cc4367d57de3904b4e6a4170eb5a0b0f41373066d02ca0735a0c4d75c7d328d3e011
  languageName: node
  linkType: hard

"source-map@npm:^0.7.3":
  version: 0.7.3
  resolution: "source-map@npm:0.7.3"
  checksum: 10c0/7d2ddb51f3d2451847692a9ac7808da2b2b3bf7aef92ece33128919040a7e74d9a5edfde7a781f035c974deff876afaf83f2e30484faffffb86484e7408f5d7c
  languageName: node
  linkType: hard

"stylus@npm:^0.54.7":
  version: 0.54.7
  resolution: "stylus@npm:0.54.7"
  dependencies:
    css-parse: "npm:~2.0.0"
    debug: "npm:~3.1.0"
    glob: "npm:^7.1.3"
    mkdirp: "npm:~0.5.x"
    safer-buffer: "npm:^2.1.2"
    sax: "npm:~1.2.4"
    semver: "npm:^6.0.0"
    source-map: "npm:^0.7.3"
  bin:
    stylus: ./bin/stylus
  checksum: 10c0/6dba3e8ca657917d22deda9c368ac527f8b5cd097c80ef78b0ab607847a4752508fcd112bc9d9d64e7b0575f9de949fbbec4c6757f019d322183010c7237b698
  languageName: node
  linkType: hard

"urix@npm:^0.1.0":
  version: 0.1.0
  resolution: "urix@npm:0.1.0"
  checksum: 10c0/264f1b29360c33c0aec5fb9819d7e28f15d1a3b83175d2bcc9131efe8583f459f07364957ae3527f1478659ec5b2d0f1ad401dfb625f73e4d424b3ae35fc5fc0
  languageName: node
  linkType: hard

"wrappy@npm:1":
  version: 1.0.2
  resolution: "wrappy@npm:1.0.2"
  checksum: 10c0/56fece1a4018c6a6c8e28fbc88c87e0fbf4ea8fd64fc6c63b18f4acc4bd13e0ad2515189786dd2c30d3eec9663d70f4ecf699330002f8ccb547e4a18231fc9f0
  languageName: node
  linkType: hard
